# This file is autogenerated, do not edit; changes may be undone by the next 'dep ensure'.


[[projects]]
  name = "github.com/BurntSushi/toml"
  packages = ["."]
  revision = "b26d9c308763d68093482582cea63d69be07a0f0"
  version = "v0.3.0"

[[projects]]
  branch = "master"
  name = "github.com/go-ozzo/ozzo-config"
  packages = ["."]
  revision = "0ff174cf5aa6480026e0b40c14fd9cfb61c4abf6"

[[projects]]
  branch = "master"
  name = "github.com/go-ozzo/ozzo-log"
  packages = ["."]
  revision = "610cdd147d9aff9523eed107898d2e87ee5336aa"

[[projects]]
  branch = "master"
  name = "github.com/hnakamur/jsonpreprocess"
  packages = ["."]
  revision = "a4e954386171be645f1eb7c41865d2624b69259d"

[[projects]]
  name = "gopkg.in/yaml.v2"
  packages = ["."]
  revision = "5420a8b6744d3b0345ab293f6fcba19c978f1183"
  version = "v2.2.1"

[solve-meta]
  analyzer-name = "dep"
  analyzer-version = 1
  inputs-digest = "bc9177f0e37138c300ef95d7703923e6071d6ab9ef2fba0b643cfa1aee2913e4"
  solver-name = "gps-cdcl"
  solver-version = 1
